
Microsoft Visual Studio Solution File, Format Version 12.00
# Visual Studio 15
VisualStudioVersion = 15.0.28010.2048
MinimumVisualStudioVersion = 10.0.40219.1
Project("{FAE04EC0-301F-11D3-BF4B-00C04F79EFBC}") = "Project 2", "Project 2\Project 2.csproj", "{652717BF-A3A1-4A3B-B901-D7D72D41E437}"
EndProject
Global
	GlobalSection(SolutionConfigurationPlatforms) = preSolution
		Debug|Any CPU = Debug|Any CPU
		Release|Any CPU = Release|Any CPU
	EndGlobalSection
	GlobalSection(ProjectConfigurationPlatforms) = postSolution
		{652717BF-A3A1-4A3B-B901-D7D72D41E437}.Debug|Any CPU.ActiveCfg = Debug|Any CPU
		{652717BF-A3A1-4A3B-B901-D7D72D41E437}.Debug|Any CPU.Build.0 = Debug|Any CPU
		{652717BF-A3A1-4A3B-B901-D7D72D41E437}.Release|Any CPU.ActiveCfg = Release|Any CPU
		{652717BF-A3A1-4A3B-B901-D7D72D41E437}.Release|Any CPU.Build.0 = Release|Any CPU
	EndGlobalSection
	GlobalSection(SolutionProperties) = preSolution
		HideSolutionNode = FALSE
	EndGlobalSection
	GlobalSection(ExtensibilityGlobals) = postSolution
		SolutionGuid = {A117B67F-01AF-45E3-A4F4-C08769B7C78B}
	EndGlobalSection
EndGlobal
